
Microsoft Visual Studio Solution File, Format Version 12.00
# Visual Studio Version 16
VisualStudioVersion = 16.0.31410.357
MinimumVisualStudioVersion = 10.0.40219.1
Project("{FAE04EC0-301F-11D3-BF4B-00C04F79EFBC}") = "SingleResponsibility", "SingleResponsibility\SingleResponsibility.csproj", "{7B31E635-1256-4FCA-A3AC-B3E59433E9B8}"
EndProject
Project("{FAE04EC0-301F-11D3-BF4B-00C04F79EFBC}") = "OpenClosed", "OpenClosed\OpenClosed.csproj", "{0A2FDC73-2EB4-406C-A279-FEC4C90E55CF}"
EndProject
Project("{FAE04EC0-301F-11D3-BF4B-00C04F79EFBC}") = "LiskovSubstution", "LiskovSubstution\LiskovSubstution.csproj", "{999FD4B7-DC27-4672-93FF-993589425FE6}"
EndProject
Project("{FAE04EC0-301F-11D3-BF4B-00C04F79EFBC}") = "DependencyInversion", "DependencyInversion\DependencyInversion.csproj", "{784306BC-A247-4EB7-B731-E9351B5881B7}"
EndProject
Project("{FAE04EC0-301F-11D3-BF4B-00C04F79EFBC}") = "InterfafceSegregation", "InterfafceSegregation\InterfafceSegregation.csproj", "{B9DC32EB-E35D-401D-BD9E-FC64569A22BE}"
EndProject
Global
	GlobalSection(SolutionConfigurationPlatforms) = preSolution
		Debug|Any CPU = Debug|Any CPU
		Release|Any CPU = Release|Any CPU
	EndGlobalSection
	GlobalSection(ProjectConfigurationPlatforms) = postSolution
		{7B31E635-1256-4FCA-A3AC-B3E59433E9B8}.Debug|Any CPU.ActiveCfg = Debug|Any CPU
		{7B31E635-1256-4FCA-A3AC-B3E59433E9B8}.Debug|Any CPU.Build.0 = Debug|Any CPU
		{7B31E635-1256-4FCA-A3AC-B3E59433E9B8}.Release|Any CPU.ActiveCfg = Release|Any CPU
		{7B31E635-1256-4FCA-A3AC-B3E59433E9B8}.Release|Any CPU.Build.0 = Release|Any CPU
		{0A2FDC73-2EB4-406C-A279-FEC4C90E55CF}.Debug|Any CPU.ActiveCfg = Debug|Any CPU
		{0A2FDC73-2EB4-406C-A279-FEC4C90E55CF}.Debug|Any CPU.Build.0 = Debug|Any CPU
		{0A2FDC73-2EB4-406C-A279-FEC4C90E55CF}.Release|Any CPU.ActiveCfg = Release|Any CPU
		{0A2FDC73-2EB4-406C-A279-FEC4C90E55CF}.Release|Any CPU.Build.0 = Release|Any CPU
		{999FD4B7-DC27-4672-93FF-993589425FE6}.Debug|Any CPU.ActiveCfg = Debug|Any CPU
		{999FD4B7-DC27-4672-93FF-993589425FE6}.Debug|Any CPU.Build.0 = Debug|Any CPU
		{999FD4B7-DC27-4672-93FF-993589425FE6}.Release|Any CPU.ActiveCfg = Release|Any CPU
		{999FD4B7-DC27-4672-93FF-993589425FE6}.Release|Any CPU.Build.0 = Release|Any CPU
		{784306BC-A247-4EB7-B731-E9351B5881B7}.Debug|Any CPU.ActiveCfg = Debug|Any CPU
		{784306BC-A247-4EB7-B731-E9351B5881B7}.Debug|Any CPU.Build.0 = Debug|Any CPU
		{784306BC-A247-4EB7-B731-E9351B5881B7}.Release|Any CPU.ActiveCfg = Release|Any CPU
		{784306BC-A247-4EB7-B731-E9351B5881B7}.Release|Any CPU.Build.0 = Release|Any CPU
		{B9DC32EB-E35D-401D-BD9E-FC64569A22BE}.Debug|Any CPU.ActiveCfg = Debug|Any CPU
		{B9DC32EB-E35D-401D-BD9E-FC64569A22BE}.Debug|Any CPU.Build.0 = Debug|Any CPU
		{B9DC32EB-E35D-401D-BD9E-FC64569A22BE}.Release|Any CPU.ActiveCfg = Release|Any CPU
		{B9DC32EB-E35D-401D-BD9E-FC64569A22BE}.Release|Any CPU.Build.0 = Release|Any CPU
	EndGlobalSection
	GlobalSection(SolutionProperties) = preSolution
		HideSolutionNode = FALSE
	EndGlobalSection
	GlobalSection(ExtensibilityGlobals) = postSolution
		SolutionGuid = {3EAB4106-49B4-4AB0-AFE5-E4F633E59704}
	EndGlobalSection
EndGlobal
